// !$*UTF8*$!
{
	archiveVersion = 1;
	classes = {
	};
	objectVersion = 77;
	objects = {

/* Begin PBXContainerItemProxy section */
		493429CD2E05DA8C00DAC681 /* PBXContainerItemProxy */ = {
			isa = PBXContainerItemProxy;
			containerPortal = 493429B52E05DA8A00DAC681 /* Project object */;
			proxyType = 1;
			remoteGlobalIDString = 493429BC2E05DA8A00DAC681;
			remoteInfo = sthealth;
		};
		493429D72E05DA8C00DAC681 /* PBXContainerItemProxy */ = {
			isa = PBXContainerItemProxy;
			containerPortal = 493429B52E05DA8A00DAC681 /* Project object */;
			proxyType = 1;
			remoteGlobalIDString = 493429BC2E05DA8A00DAC681;
			remoteInfo = sthealth;
		};
/* End PBXContainerItemProxy section */

/* Begin PBXFileReference section */
		493429BD2E05DA8A00DAC681 /* sthealth.app */ = {isa = PBXFileReference; explicitFileType = wrapper.application; includeInIndex = 0; path = sthealth.app; sourceTree = BUILT_PRODUCTS_DIR; };
		493429CC2E05DA8C00DAC681 /* sthealthTests.xctest */ = {isa = PBXFileReference; explicitFileType = wrapper.cfbundle; includeInIndex = 0; path = sthealthTests.xctest; sourceTree = BUILT_PRODUCTS_DIR; };
		493429D62E05DA8C00DAC681 /* sthealthUITests.xctest */ = {isa = PBXFileReference; explicitFileType = wrapper.cfbundle; includeInIndex = 0; path = sthealthUITests.xctest; sourceTree = BUILT_PRODUCTS_DIR; };
/* End PBXFileReference section */

/* Begin PBXFileSystemSynchronizedRootGroup section */
		493429BF2E05DA8A00DAC681 /* sthealth */ = {
			isa = PBXFileSystemSynchronizedRootGroup;
			path = sthealth;
			sourceTree = "<group>";
		};
		493429CF2E05DA8C00DAC681 /* sthealthTests */ = {
			isa = PBXFileSystemSynchronizedRootGroup;
			path = sthealthTests;
			sourceTree = "<group>";
		};
		493429D92E05DA8C00DAC681 /* sthealthUITests */ = {
			isa = PBXFileSystemSynchronizedRootGroup;
			path = sthealthUITests;
			sourceTree = "<group>";
		};
/* End PBXFileSystemSynchronizedRootGroup section */

/* Begin PBXFrameworksBuildPhase section */
		493429BA2E05DA8A00DAC681 /* Frameworks */ = {
			isa = PBXFrameworksBuildPhase;
			buildActionMask = 2147483647;
			files = (
			);
			runOnlyForDeploymentPostprocessing = 0;
		};
		493429C92E05DA8C00DAC681 /* Frameworks */ = {
			isa = PBXFrameworksBuildPhase;
			buildActionMask = 2147483647;
			files = (
			);
			runOnlyForDeploymentPostprocessing = 0;
		};
		493429D32E05DA8C00DAC681 /* Frameworks */ = {
			isa = PBXFrameworksBuildPhase;
			buildActionMask = 2147483647;
			files = (
			);
			runOnlyForDeploymentPostprocessing = 0;
		};
/* End PBXFrameworksBuildPhase section */

/* Begin PBXGroup section */
		493429B42E05DA8A00DAC681 = {
			isa = PBXGroup;
			children = (
				493429BF2E05DA8A00DAC681 /* sthealth */,
				493429CF2E05DA8C00DAC681 /* sthealthTests */,
				493429D92E05DA8C00DAC681 /* sthealthUITests */,
				493429BE2E05DA8A00DAC681 /* Products */,
			);
			sourceTree = "<group>";
		};
		493429BE2E05DA8A00DAC681 /* Products */ = {
			isa = PBXGroup;
			children = (
				493429BD2E05DA8A00DAC681 /* sthealth.app */,
				493429CC2E05DA8C00DAC681 /* sthealthTests.xctest */,
				493429D62E05DA8C00DAC681 /* sthealthUITests.xctest */,
			);
			name = Products;
			sourceTree = "<group>";
		};
/* End PBXGroup section */

/* Begin PBXNativeTarget section */
		493429BC2E05DA8A00DAC681 /* sthealth */ = {
			isa = PBXNativeTarget;
			buildConfigurationList = 493429E02E05DA8C00DAC681 /* Build configuration list for PBXNativeTarget "sthealth" */;
			buildPhases = (
				493429B92E05DA8A00DAC681 /* Sources */,
				493429BA2E05DA8A00DAC681 /* Frameworks */,
				493429BB2E05DA8A00DAC681 /* Resources */,
			);
			buildRules = (
			);
			dependencies = (
			);
			fileSystemSynchronizedGroups = (
				493429BF2E05DA8A00DAC681 /* sthealth */,
			);
			name = sthealth;
			packageProductDependencies = (
			);
			productName = sthealth;
			productReference = 493429BD2E05DA8A00DAC681 /* sthealth.app */;
			productType = "com.apple.product-type.application";
		};
		493429CB2E05DA8C00DAC681 /* sthealthTests */ = {
			isa = PBXNativeTarget;
			buildConfigurationList = 493429E32E05DA8C00DAC681 /* Build configuration list for PBXNativeTarget "sthealthTests" */;
			buildPhases = (
				493429C82E05DA8C00DAC681 /* Sources */,
				493429C92E05DA8C00DAC681 /* Frameworks */,
				493429CA2E05DA8C00DAC681 /* Resources */,
			);
			buildRules = (
			);
			dependencies = (
				493429CE2E05DA8C00DAC681 /* PBXTargetDependency */,
			);
			fileSystemSynchronizedGroups = (
				493429CF2E05DA8C00DAC681 /* sthealthTests */,
			);
			name = sthealthTests;
			packageProductDependencies = (
			);
			productName = sthealthTests;
			productReference = 493429CC2E05DA8C00DAC681 /* sthealthTests.xctest */;
			productType = "com.apple.product-type.bundle.unit-test";
		};
		493429D52E05DA8C00DAC681 /* sthealthUITests */ = {
			isa = PBXNativeTarget;
			buildConfigurationList = 493429E62E05DA8C00DAC681 /* Build configuration list for PBXNativeTarget "sthealthUITests" */;
			buildPhases = (
				493429D22E05DA8C00DAC681 /* Sources */,
				493429D32E05DA8C00DAC681 /* Frameworks */,
				493429D42E05DA8C00DAC681 /* Resources */,
			);
			buildRules = (
			);
			dependencies = (
				493429D82E05DA8C00DAC681 /* PBXTargetDependency */,
			);
			fileSystemSynchronizedGroups = (
				493429D92E05DA8C00DAC681 /* sthealthUITests */,
			);
			name = sthealthUITests;
			packageProductDependencies = (
			);
			productName = sthealthUITests;
			productReference = 493429D62E05DA8C00DAC681 /* sthealthUITests.xctest */;
			productType = "com.apple.product-type.bundle.ui-testing";
		};
/* End PBXNativeTarget section */

/* Begin PBXProject section */
		493429B52E05DA8A00DAC681 /* Project object */ = {
			isa = PBXProject;
			attributes = {
				BuildIndependentTargetsInParallel = 1;
				LastSwiftUpdateCheck = 1640;
				LastUpgradeCheck = 1640;
				TargetAttributes = {
					493429BC2E05DA8A00DAC681 = {
						CreatedOnToolsVersion = 16.4;
					};
					493429CB2E05DA8C00DAC681 = {
						CreatedOnToolsVersion = 16.4;
						TestTargetID = 493429BC2E05DA8A00DAC681;
					};
					493429D52E05DA8C00DAC681 = {
						CreatedOnToolsVersion = 16.4;
						TestTargetID = 493429BC2E05DA8A00DAC681;
					};
				};
			};
			buildConfigurationList = 493429B82E05DA8A00DAC681 /* Build configuration list for PBXProject "sthealth" */;
			developmentRegion = en;
			hasScannedForEncodings = 0;
			knownRegions = (
				en,
				Base,
			);
			mainGroup = 493429B42E05DA8A00DAC681;
			minimizedProjectReferenceProxies = 1;
			preferredProjectObjectVersion = 77;
			productRefGroup = 493429BE2E05DA8A00DAC681 /* Products */;
			projectDirPath = "";
			projectRoot = "";
			targets = (
				493429BC2E05DA8A00DAC681 /* sthealth */,
				493429CB2E05DA8C00DAC681 /* sthealthTests */,
				493429D52E05DA8C00DAC681 /* sthealthUITests */,
			);
		};
/* End PBXProject section */

/* Begin PBXResourcesBuildPhase section */
		493429BB2E05DA8A00DAC681 /* Resources */ = {
			isa = PBXResourcesBuildPhase;
			buildActionMask = 2147483647;
			files = (
			);
			runOnlyForDeploymentPostprocessing = 0;
		};
		493429CA2E05DA8C00DAC681 /* Resources */ = {
			isa = PBXResourcesBuildPhase;
			buildActionMask = 2147483647;
			files = (
			);
			runOnlyForDeploymentPostprocessing = 0;
		};
		493429D42E05DA8C00DAC681 /* Resources */ = {
			isa = PBXResourcesBuildPhase;
			buildActionMask = 2147483647;
			files = (
			);
			runOnlyForDeploymentPostprocessing = 0;
		};
/* End PBXResourcesBuildPhase section */

/* Begin PBXSourcesBuildPhase section */
		493429B92E05DA8A00DAC681 /* Sources */ = {
			isa = PBXSourcesBuildPhase;
			buildActionMask = 2147483647;
			files = (
			);
			runOnlyForDeploymentPostprocessing = 0;
		};
		493429C82E05DA8C00DAC681 /* Sources */ = {
			isa = PBXSourcesBuildPhase;
			buildActionMask = 2147483647;
			files = (
			);
			runOnlyForDeploymentPostprocessing = 0;
		};
		493429D22E05DA8C00DAC681 /* Sources */ = {
			isa = PBXSourcesBuildPhase;
			buildActionMask = 2147483647;
			files = (
			);
			runOnlyForDeploymentPostprocessing = 0;
		};
/* End PBXSourcesBuildPhase section */

/* Begin PBXTargetDependency section */
		493429CE2E05DA8C00DAC681 /* PBXTargetDependency */ = {
			isa = PBXTargetDependency;
			target = 493429BC2E05DA8A00DAC681 /* sthealth */;
			targetProxy = 493429CD2E05DA8C00DAC681 /* PBXContainerItemProxy */;
		};
		493429D82E05DA8C00DAC681 /* PBXTargetDependency */ = {
			isa = PBXTargetDependency;
			target = 493429BC2E05DA8A00DAC681 /* sthealth */;
			targetProxy = 493429D72E05DA8C00DAC681 /* PBXContainerItemProxy */;
		};
/* End PBXTargetDependency section */

/* Begin XCBuildConfiguration section */
		493429DE2E05DA8C00DAC681 /* Debug */ = {
			isa = XCBuildConfiguration;
			buildSettings = {
				ALWAYS_SEARCH_USER_PATHS = NO;
				ASSETCATALOG_COMPILER_GENERATE_SWIFT_ASSET_SYMBOL_EXTENSIONS = YES;
				CLANG_ANALYZER_NONNULL = YES;
				CLANG_ANALYZER_NUMBER_OBJECT_CONVERSION = YES_AGGRESSIVE;
				CLANG_CXX_LANGUAGE_STANDARD = "gnu++20";
				CLANG_ENABLE_MODULES = YES;
				CLANG_ENABLE_OBJC_ARC = YES;
				CLANG_ENABLE_OBJC_WEAK = YES;
				CLANG_WARN_BLOCK_CAPTURE_AUTORELEASING = YES;
				CLANG_WARN_BOOL_CONVERSION = YES;
				CLANG_WARN_COMMA = YES;
				CLANG_WARN_CONSTANT_CONVERSION = YES;
				CLANG_WARN_DEPRECATED_OBJC_IMPLEMENTATIONS = YES;
				CLANG_WARN_DIRECT_OBJC_ISA_USAGE = YES_ERROR;
				CLANG_WARN_DOCUMENTATION_COMMENTS = YES;
				CLANG_WARN_EMPTY_BODY = YES;
				CLANG_WARN_ENUM_CONVERSION = YES;
				CLANG_WARN_INFINITE_RECURSION = YES;
				CLANG_WARN_INT_CONVERSION = YES;
				CLANG_WARN_NON_LITERAL_NULL_CONVERSION = YES;
				CLANG_WARN_OBJC_IMPLICIT_RETAIN_SELF = YES;
				CLANG_WARN_OBJC_LITERAL_CONVERSION = YES;
				CLANG_WARN_OBJC_ROOT_CLASS = YES_ERROR;
				CLANG_WARN_QUOTED_INCLUDE_IN_FRAMEWORK_HEADER = YES;
				CLANG_WARN_RANGE_LOOP_ANALYSIS = YES;
				CLANG_WARN_STRICT_PROTOTYPES = YES;
				CLANG_WARN_SUSPICIOUS_MOVE = YES;
				CLANG_WARN_UNGUARDED_AVAILABILITY = YES_AGGRESSIVE;
				CLANG_WARN_UNREACHABLE_CODE = YES;
				CLANG_WARN__DUPLICATE_METHOD_MATCH = YES;
				COPY_PHASE_STRIP = NO;
				DEBUG_INFORMATION_FORMAT = dwarf;
				DEVELOPMENT_TEAM = JJ2N9XZT62;
				ENABLE_STRICT_OBJC_MSGSEND = YES;
				ENABLE_TESTABILITY = YES;
				ENABLE_USER_SCRIPT_SANDBOXING = YES;
				GCC_C_LANGUAGE_STANDARD = gnu17;
				GCC_DYNAMIC_NO_PIC = NO;
				GCC_NO_COMMON_BLOCKS = YES;
				GCC_OPTIMIZATION_LEVEL = 0;
				GCC_PREPROCESSOR_DEFINITIONS = (
					"DEBUG=1",
					"$(inherited)",
				);
				GCC_WARN_64_TO_32_BIT_CONVERSION = YES;
				GCC_WARN_ABOUT_RETURN_TYPE = YES_ERROR;
				GCC_WARN_UNDECLARED_SELECTOR = YES;
				GCC_WARN_UNINITIALIZED_AUTOS = YES_AGGRESSIVE;
				GCC_WARN_UNUSED_FUNCTION = YES;
				GCC_WARN_UNUSED_VARIABLE = YES;
				IPHONEOS_DEPLOYMENT_TARGET = 18.5;
				LOCALIZATION_PREFERS_STRING_CATALOGS = YES;
				MTL_ENABLE_DEBUG_INFO = INCLUDE_SOURCE;
				MTL_FAST_MATH = YES;
				ONLY_ACTIVE_ARCH = YES;
				SDKROOT = iphoneos;
				SWIFT_ACTIVE_COMPILATION_CONDITIONS = "DEBUG $(inherited)";
				SWIFT_OPTIMIZATION_LEVEL = "-Onone";
			};
			name = Debug;
		};
		493429DF2E05DA8C00DAC681 /* Release */ = {
			isa = XCBuildConfiguration;
			buildSettings = {
				ALWAYS_SEARCH_USER_PATHS = NO;
				ASSETCATALOG_COMPILER_GENERATE_SWIFT_ASSET_SYMBOL_EXTENSIONS = YES;
				CLANG_ANALYZER_NONNULL = YES;
				CLANG_ANALYZER_NUMBER_OBJECT_CONVERSION = YES_AGGRESSIVE;
				CLANG_CXX_LANGUAGE_STANDARD = "gnu++20";
				CLANG_ENABLE_MODULES = YES;
				CLANG_ENABLE_OBJC_ARC = YES;
				CLANG_ENABLE_OBJC_WEAK = YES;
				CLANG_WARN_BLOCK_CAPTURE_AUTORELEASING = YES;
				CLANG_WARN_BOOL_CONVERSION = YES;
				CLANG_WARN_COMMA = YES;
				CLANG_WARN_CONSTANT_CONVERSION = YES;
				CLANG_WARN_DEPRECATED_OBJC_IMPLEMENTATIONS = YES;
				CLANG_WARN_DIRECT_OBJC_ISA_USAGE = YES_ERROR;
				CLANG_WARN_DOCUMENTATION_COMMENTS = YES;
				CLANG_WARN_EMPTY_BODY = YES;
				CLANG_WARN_ENUM_CONVERSION = YES;
				CLANG_WARN_INFINITE_RECURSION = YES;
				CLANG_WARN_INT_CONVERSION = YES;
				CLANG_WARN_NON_LITERAL_NULL_CONVERSION = YES;
				CLANG_WARN_OBJC_IMPLICIT_RETAIN_SELF = YES;
				CLANG_WARN_OBJC_LITERAL_CONVERSION = YES;
				CLANG_WARN_OBJC_ROOT_CLASS = YES_ERROR;
				CLANG_WARN_QUOTED_INCLUDE_IN_FRAMEWORK_HEADER = YES;
				CLANG_WARN_RANGE_LOOP_ANALYSIS = YES;
				CLANG_WARN_STRICT_PROTOTYPES = YES;
				CLANG_WARN_SUSPICIOUS_MOVE = YES;
				CLANG_WARN_UNGUARDED_AVAILABILITY = YES_AGGRESSIVE;
				CLANG_WARN_UNREACHABLE_CODE = YES;
				CLANG_WARN__DUPLICATE_METHOD_MATCH = YES;
				COPY_PHASE_STRIP = NO;
				DEBUG_INFORMATION_FORMAT = "dwarf-with-dsym";
				DEVELOPMENT_TEAM = JJ2N9XZT62;
				ENABLE_NS_ASSERTIONS = NO;
				ENABLE_STRICT_OBJC_MSGSEND = YES;
				ENABLE_USER_SCRIPT_SANDBOXING = YES;
				GCC_C_LANGUAGE_STANDARD = gnu17;
				GCC_NO_COMMON_BLOCKS = YES;
				GCC_WARN_64_TO_32_BIT_CONVERSION = YES;
				GCC_WARN_ABOUT_RETURN_TYPE = YES_ERROR;
				GCC_WARN_UNDECLARED_SELECTOR = YES;
				GCC_WARN_UNINITIALIZED_AUTOS = YES_AGGRESSIVE;
				GCC_WARN_UNUSED_FUNCTION = YES;
				GCC_WARN_UNUSED_VARIABLE = YES;
				IPHONEOS_DEPLOYMENT_TARGET = 18.5;
				LOCALIZATION_PREFERS_STRING_CATALOGS = YES;
				MTL_ENABLE_DEBUG_INFO = NO;
				MTL_FAST_MATH = YES;
				SDKROOT = iphoneos;
				SWIFT_COMPILATION_MODE = wholemodule;
				VALIDATE_PRODUCT = YES;
			};
			name = Release;
		};
		493429E12E05DA8C00DAC681 /* Debug */ = {
			isa = XCBuildConfiguration;
			buildSettings = {
				ASSETCATALOG_COMPILER_APPICON_NAME = AppIcon;
				ASSETCATALOG_COMPILER_GLOBAL_ACCENT_COLOR_NAME = AccentColor;
				CODE_SIGN_STYLE = Automatic;
				CURRENT_PROJECT_VERSION = 1;
				DEVELOPMENT_TEAM = JJ2N9XZT62;
				ENABLE_PREVIEWS = YES;
				GENERATE_INFOPLIST_FILE = YES;
				INFOPLIST_KEY_UIApplicationSceneManifest_Generation = YES;
				INFOPLIST_KEY_UIApplicationSupportsIndirectInputEvents = YES;
				INFOPLIST_KEY_UILaunchScreen_Generation = YES;
				INFOPLIST_KEY_UISupportedInterfaceOrientations_iPad = "UIInterfaceOrientationPortrait UIInterfaceOrientationPortraitUpsideDown UIInterfaceOrientationLandscapeLeft UIInterfaceOrientationLandscapeRight";
				INFOPLIST_KEY_UISupportedInterfaceOrientations_iPhone = "UIInterfaceOrientationPortrait UIInterfaceOrientationLandscapeLeft UIInterfaceOrientationLandscapeRight";
				LD_RUNPATH_SEARCH_PATHS = (
					"$(inherited)",
					"@executable_path/Frameworks",
				);
				MARKETING_VERSION = 1.0;
				PRODUCT_BUNDLE_IDENTIFIER = com.andrewbaggio.sthealth;
				PRODUCT_NAME = "$(TARGET_NAME)";
				SWIFT_EMIT_LOC_STRINGS = YES;
				SWIFT_VERSION = 5.0;
				TARGETED_DEVICE_FAMILY = "1,2";
			};
			name = Debug;
		};
		493429E22E05DA8C00DAC681 /* Release */ = {
			isa = XCBuildConfiguration;
			buildSettings = {
				ASSETCATALOG_COMPILER_APPICON_NAME = AppIcon;
				ASSETCATALOG_COMPILER_GLOBAL_ACCENT_COLOR_NAME = AccentColor;
				CODE_SIGN_STYLE = Automatic;
				CURRENT_PROJECT_VERSION = 1;
				DEVELOPMENT_TEAM = JJ2N9XZT62;
				ENABLE_PREVIEWS = YES;
				GENERATE_INFOPLIST_FILE = YES;
				INFOPLIST_KEY_UIApplicationSceneManifest_Generation = YES;
				INFOPLIST_KEY_UIApplicationSupportsIndirectInputEvents = YES;
				INFOPLIST_KEY_UILaunchScreen_Generation = YES;
				INFOPLIST_KEY_UISupportedInterfaceOrientations_iPad = "UIInterfaceOrientationPortrait UIInterfaceOrientationPortraitUpsideDown UIInterfaceOrientationLandscapeLeft UIInterfaceOrientationLandscapeRight";
				INFOPLIST_KEY_UISupportedInterfaceOrientations_iPhone = "UIInterfaceOrientationPortrait UIInterfaceOrientationLandscapeLeft UIInterfaceOrientationLandscapeRight";
				LD_RUNPATH_SEARCH_PATHS = (
					"$(inherited)",
					"@executable_path/Frameworks",
				);
				MARKETING_VERSION = 1.0;
				PRODUCT_BUNDLE_IDENTIFIER = com.andrewbaggio.sthealth;
				PRODUCT_NAME = "$(TARGET_NAME)";
				SWIFT_EMIT_LOC_STRINGS = YES;
				SWIFT_VERSION = 5.0;
				TARGETED_DEVICE_FAMILY = "1,2";
			};
			name = Release;
		};
		493429E42E05DA8C00DAC681 /* Debug */ = {
			isa = XCBuildConfiguration;
			buildSettings = {
				BUNDLE_LOADER = "$(TEST_HOST)";
				CODE_SIGN_STYLE = Automatic;
				CURRENT_PROJECT_VERSION = 1;
				DEVELOPMENT_TEAM = JJ2N9XZT62;
				GENERATE_INFOPLIST_FILE = YES;
				IPHONEOS_DEPLOYMENT_TARGET = 18.5;
				MARKETING_VERSION = 1.0;
				PRODUCT_BUNDLE_IDENTIFIER = com.andrewbaggio.sthealthTests;
				PRODUCT_NAME = "$(TARGET_NAME)";
				SWIFT_EMIT_LOC_STRINGS = NO;
				SWIFT_VERSION = 5.0;
				TARGETED_DEVICE_FAMILY = "1,2";
				TEST_HOST = "$(BUILT_PRODUCTS_DIR)/sthealth.app/$(BUNDLE_EXECUTABLE_FOLDER_PATH)/sthealth";
			};
			name = Debug;
		};
		493429E52E05DA8C00DAC681 /* Release */ = {
			isa = XCBuildConfiguration;
			buildSettings = {
				BUNDLE_LOADER = "$(TEST_HOST)";
				CODE_SIGN_STYLE = Automatic;
				CURRENT_PROJECT_VERSION = 1;
				DEVELOPMENT_TEAM = JJ2N9XZT62;
				GENERATE_INFOPLIST_FILE = YES;
				IPHONEOS_DEPLOYMENT_TARGET = 18.5;
				MARKETING_VERSION = 1.0;
				PRODUCT_BUNDLE_IDENTIFIER = com.andrewbaggio.sthealthTests;
				PRODUCT_NAME = "$(TARGET_NAME)";
				SWIFT_EMIT_LOC_STRINGS = NO;
				SWIFT_VERSION = 5.0;
				TARGETED_DEVICE_FAMILY = "1,2";
				TEST_HOST = "$(BUILT_PRODUCTS_DIR)/sthealth.app/$(BUNDLE_EXECUTABLE_FOLDER_PATH)/sthealth";
			};
			name = Release;
		};
		493429E72E05DA8C00DAC681 /* Debug */ = {
			isa = XCBuildConfiguration;
			buildSettings = {
				CODE_SIGN_STYLE = Automatic;
				CURRENT_PROJECT_VERSION = 1;
				DEVELOPMENT_TEAM = JJ2N9XZT62;
				GENERATE_INFOPLIST_FILE = YES;
				MARKETING_VERSION = 1.0;
				PRODUCT_BUNDLE_IDENTIFIER = com.andrewbaggio.sthealthUITests;
				PRODUCT_NAME = "$(TARGET_NAME)";
				SWIFT_EMIT_LOC_STRINGS = NO;
				SWIFT_VERSION = 5.0;
				TARGETED_DEVICE_FAMILY = "1,2";
				TEST_TARGET_NAME = sthealth;
			};
			name = Debug;
		};
		493429E82E05DA8C00DAC681 /* Release */ = {
			isa = XCBuildConfiguration;
			buildSettings = {
				CODE_SIGN_STYLE = Automatic;
				CURRENT_PROJECT_VERSION = 1;
				DEVELOPMENT_TEAM = JJ2N9XZT62;
				GENERATE_INFOPLIST_FILE = YES;
				MARKETING_VERSION = 1.0;
				PRODUCT_BUNDLE_IDENTIFIER = com.andrewbaggio.sthealthUITests;
				PRODUCT_NAME = "$(TARGET_NAME)";
				SWIFT_EMIT_LOC_STRINGS = NO;
				SWIFT_VERSION = 5.0;
				TARGETED_DEVICE_FAMILY = "1,2";
				TEST_TARGET_NAME = sthealth;
			};
			name = Release;
		};
/* End XCBuildConfiguration section */

/* Begin XCConfigurationList section */
		493429B82E05DA8A00DAC681 /* Build configuration list for PBXProject "sthealth" */ = {
			isa = XCConfigurationList;
			buildConfigurations = (
				493429DE2E05DA8C00DAC681 /* Debug */,
				493429DF2E05DA8C00DAC681 /* Release */,
			);
			defaultConfigurationIsVisible = 0;
			defaultConfigurationName = Release;
		};
		493429E02E05DA8C00DAC681 /* Build configuration list for PBXNativeTarget "sthealth" */ = {
			isa = XCConfigurationList;
			buildConfigurations = (
				493429E12E05DA8C00DAC681 /* Debug */,
				493429E22E05DA8C00DAC681 /* Release */,
			);
			defaultConfigurationIsVisible = 0;
			defaultConfigurationName = Release;
		};
		493429E32E05DA8C00DAC681 /* Build configuration list for PBXNativeTarget "sthealthTests" */ = {
			isa = XCConfigurationList;
			buildConfigurations = (
				493429E42E05DA8C00DAC681 /* Debug */,
				493429E52E05DA8C00DAC681 /* Release */,
			);
			defaultConfigurationIsVisible = 0;
			defaultConfigurationName = Release;
		};
		493429E62E05DA8C00DAC681 /* Build configuration list for PBXNativeTarget "sthealthUITests" */ = {
			isa = XCConfigurationList;
			buildConfigurations = (
				493429E72E05DA8C00DAC681 /* Debug */,
				493429E82E05DA8C00DAC681 /* Release */,
			);
			defaultConfigurationIsVisible = 0;
			defaultConfigurationName = Release;
		};
/* End XCConfigurationList section */
	};
	rootObject = 493429B52E05DA8A00DAC681 /* Project object */;
}
